
Microsoft Visual Studio Solution File, Format Version 12.00
# Visual Studio 15
VisualStudioVersion = 15.0.28307.572
MinimumVisualStudioVersion = 10.0.40219.1
Project("{FAE04EC0-301F-11D3-BF4B-00C04F79EFBC}") = "GeneratorTistorySitemap", "GeneratorTistorySitemap\GeneratorTistorySitemap.csproj", "{CD72F5A7-9CE6-4D2B-90D7-46DEC4A603F3}"
EndProject
Global
	GlobalSection(SolutionConfigurationPlatforms) = preSolution
		Debug|Any CPU = Debug|Any CPU
		Release|Any CPU = Release|Any CPU
	EndGlobalSection
	GlobalSection(ProjectConfigurationPlatforms) = postSolution
		{CD72F5A7-9CE6-4D2B-90D7-46DEC4A603F3}.Debug|Any CPU.ActiveCfg = Debug|Any CPU
		{CD72F5A7-9CE6-4D2B-90D7-46DEC4A603F3}.Debug|Any CPU.Build.0 = Debug|Any CPU
		{CD72F5A7-9CE6-4D2B-90D7-46DEC4A603F3}.Release|Any CPU.ActiveCfg = Release|Any CPU
		{CD72F5A7-9CE6-4D2B-90D7-46DEC4A603F3}.Release|Any CPU.Build.0 = Release|Any CPU
	EndGlobalSection
	GlobalSection(SolutionProperties) = preSolution
		HideSolutionNode = FALSE
	EndGlobalSection
	GlobalSection(ExtensibilityGlobals) = postSolution
		SolutionGuid = {C0698D0F-2636-48BF-BFF3-C1E49A1E76A9}
	EndGlobalSection
EndGlobal
